github.com/Azure/go-ansiterm v0.0.0-20210617225240-d185dfc1b5a1 h1:UQHMgLO+TxOElx5B5HZ4hJQsoJ/PvUvKRhJHDQXO8P8=
github.com/Microsoft/go-winio v0.6.0 h1:slsWYD/zyx7lCXoZVlvQrj0hPTM1HI4+v1sIda2yDvg=
github.com/Nvveen/Gotty v0.0.0-20120604004816-cd527374f1e5 h1:TngWCqHvy9oXAN6lEVMRuU21PR1EtLVZJmdB18Gu3Rw=
github.com/benbjohnson/clock v1.1.0 h1:Q92kusRqC1XV2MjkWETPvjJVqKetz1OzxZB7mHJLju8=
github.com/cenkalti/backoff/v4 v4.1.3 h1:cFAlzYUlVYDysBEH2T5hyJZMh3+5+WCBvSnK6Q8UtC4=
github.com/containerd/continuity v0.3.0 h1:nisirsYROK15TAMVukJOUyGJjz4BNQJBVsNvAXZJ/eg=
github.com/davecgh/go-spew v1.1.0/go.mod h1:J7Y8YcW2NihsgmVo/mv3lAwl/skON4iLHjSsI+c5H38=
github.com/davecgh/go-spew v1.1.1 h1:vj9j/u1bqnvCEfJOwUhtlOARqs3+rkHYY13jYWTU97c=
github.com/davecgh/go-spew v1.1.1/go.mod h1:J7Y8YcW2NihsgmVo/mv3lAwl/skON4iLHjSsI+c5H38=
github.com/docker/cli v20.10.17+incompatible h1:eO2KS7ZFeov5UJeaDmIs1NFEDRf32PaqRpvoEkKBy5M=
github.com/docker/docker v20.10.17+incompatible h1:JYCuMrWaVNophQTOrMMoSwudOVEfcegoZZrleKc1xwE=
github.com/docker/go-connections v0.4.0 h1:El9xVISelRB7BuFusrZozjnkIM5YnzCViNKohAFqRJQ=
github.com/docker/go-units v0.4.0 h1:3uh0PgVws3nIA0Q+MwDC8yjEPf9zjRfZZWXZYDct3Tw=
github.com/fatih/color v1.15.0 h1:kOqh6YHBtK8aywxGerMG2Eq3H6Qgoqeo13Bk2Mv/nBs=
github.com/fatih/color v1.15.0/go.mod h1:0h5ZqXfHYED7Bhv2ZJamyIOUej9KtShiJESRwBDUSsw=
github.com/go-sql-driver/mysql v1.6.0 h1:BCTh4TKNUYmOmMUcQ3IipzF5prigylS7XXjEkfCHuOE=
github.com/go-sql-driver/mysql v1.6.0/go.mod h1:DCzpHaOWr8IXmIStZouvnhqoel9Qv2LBy8hT2VhHyBg=
github.com/gogo/protobuf v1.3.2 h1:Ov1cvc58UF3b5XjBnZv7+opcTcQFZebYjWzi34vdm4Q=
github.com/google/shlex v0.0.0-20191202100458-e7afc7fbc510 h1:El6M4kTTCOh6aBiKaUGG7oYTSPP8MxqL4YI3kZKwcP4=
github.com/hashicorp/go-uuid v1.0.3 h1:2gKiV6YVmrJ1i2CKKa9obLvRieoRGviZFL26PcT/Co8=
github.com/hashicorp/go-uuid v1.0.3/go.mod h1:6SBZvOh/SIDV7/2o3Jml5SYk/TvGqwFJ/bN7x4byOro=
github.com/imdario/mergo v0.3.13 h1:lFzP57bqS/wsqKssCGmtLAb8A0wKjLGrve2q3PPVcBk=
github.com/jcmturner/gofork v1.7.6 h1:QH0l3hzAU1tfT3rZCnW5zXl+orbkNMMRGJfdJjHVETg=
github.com/jcmturner/gofork v1.7.6/go.mod h1:1622LH6i/EZqLloHfE7IeZ0uEJwMSUyQ/nDd82IeqRo=
github.com/jonboulle/clockwork v0.4.0 h1:p4Cf1aMWXnXAUh8lVfewRBx1zaTSYKrKMF2g3ST4RZ4=
github.com/jonboulle/clockwork v0.4.0/go.mod h1:xgRqUGwRcjKCO1vbZUEtSLrqKoPSsUpK7fnezOII0kc=
github.com/lestrrat-go/envload v0.0.0-20180220234015-a3eb8ddeffcc h1:RKf14vYWi2ttpEmkA4aQ3j4u9dStX2t4M8UM6qqNsG8=
github.com/lestrrat-go/envload v0.0.0-20180220234015-a3eb8ddeffcc/go.mod h1:kopuH9ugFRkIXf3YoqHKyrJ9YfUFsckUU9S7B+XP+is=
github.com/lestrrat-go/file-rotatelogs v2.4.0+incompatible h1:Y6sqxHMyB1D2YSzWkLibYKgg+SwmyFU9dF2hn6MdTj4=
github.com/lestrrat-go/file-rotatelogs v2.4.0+incompatible/go.mod h1:ZQnN8lSECaebrkQytbHj4xNgtg8CR7RYXnPok8e0EHA=
github.com/lestrrat-go/strftime v1.0.6 h1:CFGsDEt1pOpFNU+TJB0nhz9jl+K0hZSLE205AhTIGQQ=
github.com/lestrrat-go/strftime v1.0.6/go.mod h1:f7jQKgV5nnJpYgdEasS+/y7EsTb8ykN2z68n3TtcTaw=
github.com/mattn/go-colorable v0.1.13 h1:fFA4WZxdEF4tXPZVKMLwD8oUnCTTo08duU7wxecdEvA=
github.com/mattn/go-colorable v0.1.13/go.mod h1:7S9/ev0klgBDR4GtXTXX8a3vIGJpMovkB8vQcUbaXHg=
github.com/mattn/go-isatty v0.0.16/go.mod h1:kYGgaQfpe5nmfYZH+SKPsOc2e4SrIfOl2e/yFXSvRLM=
github.com/mattn/go-isatty v0.0.17 h1:BTarxUcIeDqL27Mc+vyvdWYSL28zpIhv3RoTdsLMPng=
github.com/mattn/go-isatty v0.0.17/go.mod h1:kYGgaQfpe5nmfYZH+SKPsOc2e4SrIfOl2e/yFXSvRLM=
github.com/mitchellh/mapstructure v1.5.0 h1:jeMsZIYE/09sWLaz43PL7Gy6RuMjD2eJVyuac5Z2hdY=
github.com/moby/term v0.0.0-20210619224110-3f7ff695adc6 h1:dcztxKSvZ4Id8iPpHERQBbIJfabdt4wUm5qy3wOL2Zc=
github.com/opencontainers/go-digest v1.0.0 h1:apOUWs51W5PlhuyGyz9FCeeBIOUDA/6nW8Oi/yOhh5U=
github.com/opencontainers/image-spec v1.0.2 h1:9yCKha/T5XdGtO0q9Q9a6T5NUCsTn/DrBg0D7ufOcFM=
github.com/opencontainers/runc v1.1.5 h1:L44KXEpKmfWDcS02aeGm8QNTFXTo2D+8MYGDIJ/GDEs=
github.com/ory/dockertest/v3 v3.10.0 h1:4K3z2VMe8Woe++invjaTB7VRyQXQy5UY+loujO4aNE4=
github.com/pkg/errors v0.9.1 h1:FEBLx1zS214owpjy7qsBeixbURkuhQAwrK5UwLGTwt4=
github.com/pkg/errors v0.9.1/go.mod h1:bwawxfHBFNV+L2hUp1rHADufV3IMtnDRdf1r5NINEl0=
github.com/pmezard/go-difflib v1.0.0 h1:4DBwDE0NGyQoBHbLQYPwSUPoCMWR5BEzIk/f1lZbAQM=
github.com/pmezard/go-difflib v1.0.0/go.mod h1:iKH77koFhYxTK1pcRnkKkqfTogsbg7gZNVY4sRDYZ/4=
github.com/sirupsen/logrus v1.8.1 h1:dJKuHgqk1NNQlqoA6BTlM1Wf9DOH3NBjQyu0h9+AZZE=
github.com/stretchr/objx v0.1.0/go.mod h1:HFkY916IF+rwdDfMAkV7OtwuqBVzrE8GR6GFx+wExME=
github.com/stretchr/testify v1.3.0/go.mod h1:M5WIy9Dh21IEIfnGCwXGc5bZfKNJtfHm1UVUgZn+9EI=
github.com/stretchr/testify v1.8.2 h1:+h33VjcLVPDHtOdpUCuF+7gSuG3yGIftsP1YvFihtJ8=
github.com/trinodb/trino-go-client v0.313.0 h1:lp8N9JKTqMuZ9LlAwLjgUtkwDnJc8fjpJmunpZ3afjk=
github.com/trinodb/trino-go-client v0.313.0/go.mod h1:YpZf2WAClFhU+n0ZhdkmMbugYaMRM/mjywiQru0wpeQ=
github.com/xeipuuv/gojsonpointer v0.0.0-20190905194746-02993c407bfb h1:zGWFAtiMcyryUHoUjUJX0/lt1H2+i2Ka2n+D3DImSNo=
github.com/xeipuuv/gojsonreference v0.0.0-20180127040603-bd5ef7bd5415 h1:EzJWgHovont7NscjpAxXsDA8S8BMYve8Y5+7cuRE7R0=
github.com/xeipuuv/gojsonschema v1.2.0 h1:LhYJRs+L4fBtjZUfuSZIKGeVu0QRy8e5Xi7D17UxZ74=
go.uber.org/atomic v1.7.0 h1:ADUqmZGgLDDfbSL9ZmPxKTybcoEYHgpYfELNoN+7hsw=
go.uber.org/atomic v1.7.0/go.mod h1:fEN4uk6kAWBTFdckzkM89CLk9XfWZrxpCo0nPH17wJc=
go.uber.org/goleak v1.1.11 h1:wy28qYRKZgnJTxGxvye5/wgWr1EKjmUDGYox5mGlRlI=
go.uber.org/multierr v1.6.0 h1:y6IPFStTAIT5Ytl7/XYmHvzXQ7S3g/IeZW9hyZ5thw4=
go.uber.org/multierr v1.6.0/go.mod h1:cdWPpRnG4AhwMwsgIHip0KRBQjJy5kYEpYjJxpXp9iU=
go.uber.org/zap v1.24.0 h1:FiJd5l1UOLj0wCgbSE0rwwXHzEdAZS6hiiSnxJN/D60=
go.uber.org/zap v1.24.0/go.mod h1:2kMP+WWQ8aoFoedH3T2sq6iJ2yDWpHbP0f6MQbS9Gkg=
golang.org/x/crypto v0.22.0 h1:g1v0xeRhjcugydODzvb3mEM9SQ0HGp9s/nh3COQ/C30=
golang.org/x/crypto v0.22.0/go.mod h1:vr6Su+7cTlO45qkww3VDJlzDn0ctJvRgYbC2NvXHt+M=
golang.org/x/mod v0.9.0 h1:KENHtAZL2y3NLMYZeHY9DW8HW8V+kQyJsY/V9JlKvCs=
golang.org/x/sys v0.0.0-20220811171246-fbc7d0a398ab/go.mod h1:oPkhp1MJrh7nUepCBck5+mAzfO9JrbApNNgaTdGDITg=
golang.org/x/sys v0.19.0 h1:q5f1RH2jigJ1MoAWp2KTp3gm5zAGFUTarQZ5U386+4o=
golang.org/x/sys v0.19.0/go.mod h1:/VUhepiaJMQUp4+oa/7Zr1D23ma6VTLIYjOOTFZPUcA=
golang.org/x/tools v0.7.0 h1:W4OVu8VVOaIO0yzWMNdepAulS7YfoS3Zabrm8DOXXU4=
gopkg.in/jcmturner/aescts.v1 v1.0.1 h1:cVVZBK2b1zY26haWB4vbBiZrfFQnfbTVrE3xZq6hrEw=
gopkg.in/jcmturner/aescts.v1 v1.0.1/go.mod h1:nsR8qBOg+OucoIW+WMhB3GspUQXq9XorLnQb9XtvcOo=
gopkg.in/jcmturner/dnsutils.v1 v1.0.1 h1:cIuC1OLRGZrld+16ZJvvZxVJeKPsvd5eUIvxfoN5hSM=
gopkg.in/jcmturner/dnsutils.v1 v1.0.1/go.mod h1:m3v+5svpVOhtFAP/wSz+yzh4Mc0Fg7eRhxkJMWSIz9Q=
gopkg.in/jcmturner/goidentity.v3 v3.0.0 h1:1duIyWiTaYvVx3YX2CYtpJbUFd7/UuPYCfgXtQ3VTbI=
gopkg.in/jcmturner/gokrb5.v6 v6.1.1 h1:n0KFjpbuM5pFMN38/Ay+Br3l91netGSVqHPHEXeWUqk=
gopkg.in/jcmturner/gokrb5.v6 v6.1.1/go.mod h1:NFjHNLrHQiruory+EmqDXCGv6CrjkeYeA+bR9mIfNFk=
gopkg.in/jcmturner/rpc.v1 v1.1.0 h1:QHIUxTX1ISuAv9dD2wJ9HWQVuWDX/Zc0PfeC2tjc4rU=
gopkg.in/jcmturner/rpc.v1 v1.1.0/go.mod h1:YIdkC4XfD6GXbzje11McwsDuOlZQSb9W4vfLvuNnlv8=
gopkg.in/yaml.v2 v2.4.0 h1:D8xgwECY7CYvx+Y2n4sBz93Jn9JRvxdiyyo8CTfuKaY=
gopkg.in/yaml.v3 v3.0.1 h1:fxVm/GzAzEWqLHuvctI91KS9hhNmmWOoWu0XTYJS7CA=
